github.com/bojanz/currency v1.0.4 h1:IJhGm2a/z+lFv7vHH/RYCJIUVgIDItiAJe0hLA9JSzc=
github.com/bojanz/currency v1.0.4/go.mod h1:Q+EhDcL+VSwjPS3+Aruloy4DgF+Z8Jfh9DXbD0Tavn4=
github.com/cockroachdb/apd/v3 v3.1.0 h1:MK3Ow7LH0W8zkd5GMKA1PvS9qG3bWFI95WaVNfyZJ/w=
github.com/cockroachdb/apd/v3 v3.1.0/go.mod h1:6qgPBMXjATAdD/VefbRP9NoSLKjbB4LCoA7gN4LpHs4=
github.com/lib/pq v1.10.4/go.mod h1:AlVN5x4E4T544tWzH6hKfbfQvm3HdbOxrmggDNAPY9o=
github.com/pkg/errors v0.8.0/go.mod h1:bwawxfHBFNV+L2hUp1rHADufV3IMtnDRdf1r5NINEl0=
github.com/pkg/errors v0.9.1 h1:FEBLx1zS214owpjy7qsBeixbURkuhQAwrK5UwLGTwt4=
github.com/pkg/errors v0.9.1/go.mod h1:bwawxfHBFNV+L2hUp1rHADufV3IMtnDRdf1r5NINEl0=
